
Microsoft Visual Studio Solution File, Format Version 12.00
# Visual Studio 15
VisualStudioVersion = 15.0.28307.572
MinimumVisualStudioVersion = 10.0.40219.1
Project("{9A19103F-16F7-4668-BE54-9A1E7A4F7556}") = "FootballArenaCrawler.ExportUI", "src\FootballArenaCrawler.ExportUI\FootballArenaCrawler.ExportUI.csproj", "{3DAB1B59-6FB6-49B7-AB96-934724D55170}"
EndProject
Project("{FAE04EC0-301F-11D3-BF4B-00C04F79EFBC}") = "FootballArenaCrawler.Models", "src\FootballArenaCrawler.Models\FootballArenaCrawler.Models.csproj", "{1479C7E7-CDFD-497A-81BE-7DAE8BC8775A}"
EndProject
Global
	GlobalSection(SolutionConfigurationPlatforms) = preSolution
		Debug|Any CPU = Debug|Any CPU
		Release|Any CPU = Release|Any CPU
	EndGlobalSection
	GlobalSection(ProjectConfigurationPlatforms) = postSolution
		{3DAB1B59-6FB6-49B7-AB96-934724D55170}.Debug|Any CPU.ActiveCfg = Debug|Any CPU
		{3DAB1B59-6FB6-49B7-AB96-934724D55170}.Debug|Any CPU.Build.0 = Debug|Any CPU
		{3DAB1B59-6FB6-49B7-AB96-934724D55170}.Release|Any CPU.ActiveCfg = Release|Any CPU
		{3DAB1B59-6FB6-49B7-AB96-934724D55170}.Release|Any CPU.Build.0 = Release|Any CPU
		{1479C7E7-CDFD-497A-81BE-7DAE8BC8775A}.Debug|Any CPU.ActiveCfg = Debug|Any CPU
		{1479C7E7-CDFD-497A-81BE-7DAE8BC8775A}.Debug|Any CPU.Build.0 = Debug|Any CPU
		{1479C7E7-CDFD-497A-81BE-7DAE8BC8775A}.Release|Any CPU.ActiveCfg = Release|Any CPU
		{1479C7E7-CDFD-497A-81BE-7DAE8BC8775A}.Release|Any CPU.Build.0 = Release|Any CPU
	EndGlobalSection
	GlobalSection(SolutionProperties) = preSolution
		HideSolutionNode = FALSE
	EndGlobalSection
	GlobalSection(ExtensibilityGlobals) = postSolution
		SolutionGuid = {D5B6F580-4E1E-48E7-BAD8-2F796ECEEA2E}
	EndGlobalSection
EndGlobal
